
Microsoft Visual Studio Solution File, Format Version 12.00
# Visual Studio Version 17
VisualStudioVersion = 17.12.35707.178 d17.12
MinimumVisualStudioVersion = 10.0.40219.1
Project("{FAE04EC0-301F-11D3-BF4B-00C04F79EFBC}") = "AspNetCore_Testing_Part3_UnitTesting_XUnit", "AspNetCore_Testing_Part3_UnitTesting_XUnit\AspNetCore_Testing_Part3_UnitTesting_XUnit.csproj", "{F20D73F9-1575-46B2-B38D-74BFB47499C7}"
EndProject
Project("{FAE04EC0-301F-11D3-BF4B-00C04F79EFBC}") = "TestProjectXUnit", "TestProjectXUnit\TestProjectXUnit.csproj", "{79F1A0F1-783F-4129-9073-4ECB44956437}"
EndProject
Global
	GlobalSection(SolutionConfigurationPlatforms) = preSolution
		Debug|Any CPU = Debug|Any CPU
		Release|Any CPU = Release|Any CPU
	EndGlobalSection
	GlobalSection(ProjectConfigurationPlatforms) = postSolution
		{F20D73F9-1575-46B2-B38D-74BFB47499C7}.Debug|Any CPU.ActiveCfg = Debug|Any CPU
		{F20D73F9-1575-46B2-B38D-74BFB47499C7}.Debug|Any CPU.Build.0 = Debug|Any CPU
		{F20D73F9-1575-46B2-B38D-74BFB47499C7}.Release|Any CPU.ActiveCfg = Release|Any CPU
		{F20D73F9-1575-46B2-B38D-74BFB47499C7}.Release|Any CPU.Build.0 = Release|Any CPU
		{79F1A0F1-783F-4129-9073-4ECB44956437}.Debug|Any CPU.ActiveCfg = Debug|Any CPU
		{79F1A0F1-783F-4129-9073-4ECB44956437}.Debug|Any CPU.Build.0 = Debug|Any CPU
		{79F1A0F1-783F-4129-9073-4ECB44956437}.Release|Any CPU.ActiveCfg = Release|Any CPU
		{79F1A0F1-783F-4129-9073-4ECB44956437}.Release|Any CPU.Build.0 = Release|Any CPU
	EndGlobalSection
	GlobalSection(SolutionProperties) = preSolution
		HideSolutionNode = FALSE
	EndGlobalSection
EndGlobal
